
Microsoft Visual Studio Solution File, Format Version 12.00
# Visual Studio Version 17
VisualStudioVersion = 17.12.35707.178 d17.12
MinimumVisualStudioVersion = 10.0.40219.1
Project("{FAE04EC0-301F-11D3-BF4B-00C04F79EFBC}") = "Api", "Api\Api.csproj", "{83B20060-3B32-4772-8573-7386261F63CC}"
EndProject
Project("{FAE04EC0-301F-11D3-BF4B-00C04F79EFBC}") = "Api.Models", "Api.Models\Api.Models.csproj", "{E8BE3DB9-1E80-4AB7-B5FB-6D5B08BAF14F}"
EndProject
Project("{FAE04EC0-301F-11D3-BF4B-00C04F79EFBC}") = "Client", "Client\Client.csproj", "{D0199CF8-451F-433C-9A82-90411D082AD0}"
EndProject
Project("{2150E333-8FDC-42A3-9474-1A3956D46DE8}") = "Shared", "Shared", "{CFEAB7D0-6042-4689-9B6D-1399EC8E2140}"
EndProject
Project("{2150E333-8FDC-42A3-9474-1A3956D46DE8}") = "ClientLibrary", "ClientLibrary", "{4DA89DEF-BA06-477F-AB30-BD317D4810BA}"
EndProject
Project("{2150E333-8FDC-42A3-9474-1A3956D46DE8}") = "App", "App", "{8F3D1157-7923-41AC-A7D6-5B9B8620F1FA}"
EndProject
Project("{2150E333-8FDC-42A3-9474-1A3956D46DE8}") = "Tests", "Tests", "{223F42B1-7A84-4606-829B-9094EF6A8D97}"
EndProject
Project("{FAE04EC0-301F-11D3-BF4B-00C04F79EFBC}") = "Application", "Application\Application.csproj", "{12A26A19-B240-4105-9E47-15B51FACA359}"
EndProject
Project("{FAE04EC0-301F-11D3-BF4B-00C04F79EFBC}") = "Domain", "Domain\Domain.csproj", "{31CD14C7-F565-469E-9115-8819B13826C5}"
EndProject
Project("{FAE04EC0-301F-11D3-BF4B-00C04F79EFBC}") = "Infrastructure", "Infrastructure\Infrastructure.csproj", "{63A883FB-6E11-4648-9A40-758A4DC3DA31}"
EndProject
Project("{FAE04EC0-301F-11D3-BF4B-00C04F79EFBC}") = "Application.Tests", "Application.Tests\Application.Tests.csproj", "{3BDF3537-6552-4D4B-81A5-4188B1742E72}"
EndProject
Project("{FAE04EC0-301F-11D3-BF4B-00C04F79EFBC}") = "Infrastructure.Tests", "Infrastructure.Tests\Infrastructure.Tests.csproj", "{8A6690D2-DA8D-4F96-BC61-0573223E103C}"
EndProject
Project("{FAE04EC0-301F-11D3-BF4B-00C04F79EFBC}") = "Infrastructure.IntegrationTests", "Infrastructure.IntegrationTests\Infrastructure.IntegrationTests.csproj", "{9E8E4A43-CC0F-4887-8328-3705FB7571B3}"
EndProject
Global
	GlobalSection(SolutionConfigurationPlatforms) = preSolution
		Debug|Any CPU = Debug|Any CPU
		Release|Any CPU = Release|Any CPU
	EndGlobalSection
	GlobalSection(ProjectConfigurationPlatforms) = postSolution
		{83B20060-3B32-4772-8573-7386261F63CC}.Debug|Any CPU.ActiveCfg = Debug|Any CPU
		{83B20060-3B32-4772-8573-7386261F63CC}.Debug|Any CPU.Build.0 = Debug|Any CPU
		{83B20060-3B32-4772-8573-7386261F63CC}.Release|Any CPU.ActiveCfg = Release|Any CPU
		{83B20060-3B32-4772-8573-7386261F63CC}.Release|Any CPU.Build.0 = Release|Any CPU
		{E8BE3DB9-1E80-4AB7-B5FB-6D5B08BAF14F}.Debug|Any CPU.ActiveCfg = Debug|Any CPU
		{E8BE3DB9-1E80-4AB7-B5FB-6D5B08BAF14F}.Debug|Any CPU.Build.0 = Debug|Any CPU
		{E8BE3DB9-1E80-4AB7-B5FB-6D5B08BAF14F}.Release|Any CPU.ActiveCfg = Release|Any CPU
		{E8BE3DB9-1E80-4AB7-B5FB-6D5B08BAF14F}.Release|Any CPU.Build.0 = Release|Any CPU
		{D0199CF8-451F-433C-9A82-90411D082AD0}.Debug|Any CPU.ActiveCfg = Debug|Any CPU
		{D0199CF8-451F-433C-9A82-90411D082AD0}.Debug|Any CPU.Build.0 = Debug|Any CPU
		{D0199CF8-451F-433C-9A82-90411D082AD0}.Release|Any CPU.ActiveCfg = Release|Any CPU
		{D0199CF8-451F-433C-9A82-90411D082AD0}.Release|Any CPU.Build.0 = Release|Any CPU
		{12A26A19-B240-4105-9E47-15B51FACA359}.Debug|Any CPU.ActiveCfg = Debug|Any CPU
		{12A26A19-B240-4105-9E47-15B51FACA359}.Debug|Any CPU.Build.0 = Debug|Any CPU
		{12A26A19-B240-4105-9E47-15B51FACA359}.Release|Any CPU.ActiveCfg = Release|Any CPU
		{12A26A19-B240-4105-9E47-15B51FACA359}.Release|Any CPU.Build.0 = Release|Any CPU
		{31CD14C7-F565-469E-9115-8819B13826C5}.Debug|Any CPU.ActiveCfg = Debug|Any CPU
		{31CD14C7-F565-469E-9115-8819B13826C5}.Debug|Any CPU.Build.0 = Debug|Any CPU
		{31CD14C7-F565-469E-9115-8819B13826C5}.Release|Any CPU.ActiveCfg = Release|Any CPU
		{31CD14C7-F565-469E-9115-8819B13826C5}.Release|Any CPU.Build.0 = Release|Any CPU
		{63A883FB-6E11-4648-9A40-758A4DC3DA31}.Debug|Any CPU.ActiveCfg = Debug|Any CPU
		{63A883FB-6E11-4648-9A40-758A4DC3DA31}.Debug|Any CPU.Build.0 = Debug|Any CPU
		{63A883FB-6E11-4648-9A40-758A4DC3DA31}.Release|Any CPU.ActiveCfg = Release|Any CPU
		{63A883FB-6E11-4648-9A40-758A4DC3DA31}.Release|Any CPU.Build.0 = Release|Any CPU
		{3BDF3537-6552-4D4B-81A5-4188B1742E72}.Debug|Any CPU.ActiveCfg = Debug|Any CPU
		{3BDF3537-6552-4D4B-81A5-4188B1742E72}.Debug|Any CPU.Build.0 = Debug|Any CPU
		{3BDF3537-6552-4D4B-81A5-4188B1742E72}.Release|Any CPU.ActiveCfg = Release|Any CPU
		{3BDF3537-6552-4D4B-81A5-4188B1742E72}.Release|Any CPU.Build.0 = Release|Any CPU
		{8A6690D2-DA8D-4F96-BC61-0573223E103C}.Debug|Any CPU.ActiveCfg = Debug|Any CPU
		{8A6690D2-DA8D-4F96-BC61-0573223E103C}.Debug|Any CPU.Build.0 = Debug|Any CPU
		{8A6690D2-DA8D-4F96-BC61-0573223E103C}.Release|Any CPU.ActiveCfg = Release|Any CPU
		{8A6690D2-DA8D-4F96-BC61-0573223E103C}.Release|Any CPU.Build.0 = Release|Any CPU
		{9E8E4A43-CC0F-4887-8328-3705FB7571B3}.Debug|Any CPU.ActiveCfg = Debug|Any CPU
		{9E8E4A43-CC0F-4887-8328-3705FB7571B3}.Debug|Any CPU.Build.0 = Debug|Any CPU
		{9E8E4A43-CC0F-4887-8328-3705FB7571B3}.Release|Any CPU.ActiveCfg = Release|Any CPU
		{9E8E4A43-CC0F-4887-8328-3705FB7571B3}.Release|Any CPU.Build.0 = Release|Any CPU
	EndGlobalSection
	GlobalSection(SolutionProperties) = preSolution
		HideSolutionNode = FALSE
	EndGlobalSection
	GlobalSection(NestedProjects) = preSolution
		{83B20060-3B32-4772-8573-7386261F63CC} = {8F3D1157-7923-41AC-A7D6-5B9B8620F1FA}
		{E8BE3DB9-1E80-4AB7-B5FB-6D5B08BAF14F} = {CFEAB7D0-6042-4689-9B6D-1399EC8E2140}
		{D0199CF8-451F-433C-9A82-90411D082AD0} = {4DA89DEF-BA06-477F-AB30-BD317D4810BA}
		{12A26A19-B240-4105-9E47-15B51FACA359} = {8F3D1157-7923-41AC-A7D6-5B9B8620F1FA}
		{31CD14C7-F565-469E-9115-8819B13826C5} = {8F3D1157-7923-41AC-A7D6-5B9B8620F1FA}
		{63A883FB-6E11-4648-9A40-758A4DC3DA31} = {8F3D1157-7923-41AC-A7D6-5B9B8620F1FA}
		{3BDF3537-6552-4D4B-81A5-4188B1742E72} = {223F42B1-7A84-4606-829B-9094EF6A8D97}
		{8A6690D2-DA8D-4F96-BC61-0573223E103C} = {223F42B1-7A84-4606-829B-9094EF6A8D97}
		{9E8E4A43-CC0F-4887-8328-3705FB7571B3} = {223F42B1-7A84-4606-829B-9094EF6A8D97}
	EndGlobalSection
EndGlobal
